{
  "originHash" : "6d6a23626caf9603ce4bd4efef92f09a9d26706817ba96d092a6d3a915088f70",
  "pins" : [
    {
      "identity" : "apple-swiftpackage-kochavanetworking-xcframework",
      "kind" : "remoteSourceControl",
      "location" : "https://github.com/Kochava/Apple-SwiftPackage-KochavaNetworking-XCFramework",
      "state" : {
        "revision" : "d99a6ddefbde3c2e22227ce99f6ee89ebc00b8f2",
        "version" : "10.0.2"
      }
    }
  ],
  "version" : 3
}
