{
  "originHash" : "2df52f0b78671efd366c89954a7ceaec54f0d89439f5885ff6a0c889be32c0ac",
  "pins" : [
    {
      "identity" : "apple-swiftpackage-kochavanetworking-xcframework",
      "kind" : "remoteSourceControl",
      "location" : "https://github.com/Kochava/Apple-SwiftPackage-KochavaNetworking-XCFramework",
      "state" : {
        "revision" : "18f258bb7594f4d3b50fd920a0552ba17fd7962d",
        "version" : "10.1.0"
      }
    }
  ],
  "version" : 3
}
