{
  "originHash" : "8b8efda6a892c0d05533d7a137d04d9741a0cea07b0c1b83f32e5b88c42dc651",
  "pins" : [
    {
      "identity" : "apple-swiftpackage-kochavanetworking-xcframework",
      "kind" : "remoteSourceControl",
      "location" : "https://github.com/Kochava/Apple-SwiftPackage-KochavaNetworking-XCFramework",
      "state" : {
        "revision" : "28efbad74e9cc712229456ac71acb792be5418aa",
        "version" : "10.0.1"
      }
    }
  ],
  "version" : 3
}
